
Microsoft Visual Studio Solution File, Format Version 12.00
# Visual Studio Version 17
VisualStudioVersion = 17.3.32804.467
MinimumVisualStudioVersion = 10.0.40219.1
Project("{FAE04EC0-301F-11D3-BF4B-00C04F79EFBC}") = "kacParamVar", "kacParamVar\kacParamVar.csproj", "{EF69135E-3003-44CE-B0A3-44307C316EA5}"
EndProject
Global
	GlobalSection(SolutionConfigurationPlatforms) = preSolution
		Debug|Any CPU = Debug|Any CPU
		Release|Any CPU = Release|Any CPU
	EndGlobalSection
	GlobalSection(ProjectConfigurationPlatforms) = postSolution
		{EF69135E-3003-44CE-B0A3-44307C316EA5}.Debug|Any CPU.ActiveCfg = Debug|Any CPU
		{EF69135E-3003-44CE-B0A3-44307C316EA5}.Debug|Any CPU.Build.0 = Debug|Any CPU
		{EF69135E-3003-44CE-B0A3-44307C316EA5}.Release|Any CPU.ActiveCfg = Release|Any CPU
		{EF69135E-3003-44CE-B0A3-44307C316EA5}.Release|Any CPU.Build.0 = Release|Any CPU
	EndGlobalSection
	GlobalSection(SolutionProperties) = preSolution
		HideSolutionNode = FALSE
	EndGlobalSection
	GlobalSection(ExtensibilityGlobals) = postSolution
		SolutionGuid = {3E4541F6-88AB-4194-B327-85E4728B043F}
	EndGlobalSection
EndGlobal
