
Microsoft Visual Studio Solution File, Format Version 12.00
# Visual Studio Version 17
VisualStudioVersion = 17.3.32804.467
MinimumVisualStudioVersion = 10.0.40219.1
Project("{FAE04EC0-301F-11D3-BF4B-00C04F79EFBC}") = "AnaProgram", "AnaProgram\AnaProgram.csproj", "{200603B3-A481-4BEC-AA26-04806E3DDB13}"
EndProject
Project("{FAE04EC0-301F-11D3-BF4B-00C04F79EFBC}") = "YardimciProgram", "YardimciProje\YardimciProgram.csproj", "{08EF3C95-89E3-4678-91A1-29868108DCF4}"
EndProject
Project("{2150E333-8FDC-42A3-9474-1A3956D46DE8}") = "Solution Items", "Solution Items", "{8FA87C22-D004-40B2-BBA2-93C0659E3CDC}"
	ProjectSection(SolutionItems) = preProject
		Notlar.txt = Notlar.txt
	EndProjectSection
EndProject
Global
	GlobalSection(SolutionConfigurationPlatforms) = preSolution
		Debug|Any CPU = Debug|Any CPU
		Release|Any CPU = Release|Any CPU
	EndGlobalSection
	GlobalSection(ProjectConfigurationPlatforms) = postSolution
		{200603B3-A481-4BEC-AA26-04806E3DDB13}.Debug|Any CPU.ActiveCfg = Debug|Any CPU
		{200603B3-A481-4BEC-AA26-04806E3DDB13}.Debug|Any CPU.Build.0 = Debug|Any CPU
		{200603B3-A481-4BEC-AA26-04806E3DDB13}.Release|Any CPU.ActiveCfg = Release|Any CPU
		{200603B3-A481-4BEC-AA26-04806E3DDB13}.Release|Any CPU.Build.0 = Release|Any CPU
		{08EF3C95-89E3-4678-91A1-29868108DCF4}.Debug|Any CPU.ActiveCfg = Debug|Any CPU
		{08EF3C95-89E3-4678-91A1-29868108DCF4}.Debug|Any CPU.Build.0 = Debug|Any CPU
		{08EF3C95-89E3-4678-91A1-29868108DCF4}.Release|Any CPU.ActiveCfg = Release|Any CPU
		{08EF3C95-89E3-4678-91A1-29868108DCF4}.Release|Any CPU.Build.0 = Release|Any CPU
	EndGlobalSection
	GlobalSection(SolutionProperties) = preSolution
		HideSolutionNode = FALSE
	EndGlobalSection
	GlobalSection(ExtensibilityGlobals) = postSolution
		SolutionGuid = {19AE5808-A98E-49F3-98D0-F1F00BDA9EBB}
	EndGlobalSection
EndGlobal
