
Microsoft Visual Studio Solution File, Format Version 12.00
# Visual Studio Version 17
VisualStudioVersion = 17.3.32804.467
MinimumVisualStudioVersion = 10.0.40219.1
Project("{FAE04EC0-301F-11D3-BF4B-00C04F79EFBC}") = "Polymorphizm2", "Polymorphizm2\Polymorphizm2.csproj", "{87BADD67-082A-4F36-911F-A02709D83607}"
EndProject
Global
	GlobalSection(SolutionConfigurationPlatforms) = preSolution
		Debug|Any CPU = Debug|Any CPU
		Release|Any CPU = Release|Any CPU
	EndGlobalSection
	GlobalSection(ProjectConfigurationPlatforms) = postSolution
		{87BADD67-082A-4F36-911F-A02709D83607}.Debug|Any CPU.ActiveCfg = Debug|Any CPU
		{87BADD67-082A-4F36-911F-A02709D83607}.Debug|Any CPU.Build.0 = Debug|Any CPU
		{87BADD67-082A-4F36-911F-A02709D83607}.Release|Any CPU.ActiveCfg = Release|Any CPU
		{87BADD67-082A-4F36-911F-A02709D83607}.Release|Any CPU.Build.0 = Release|Any CPU
	EndGlobalSection
	GlobalSection(SolutionProperties) = preSolution
		HideSolutionNode = FALSE
	EndGlobalSection
	GlobalSection(ExtensibilityGlobals) = postSolution
		SolutionGuid = {CF9B27AA-F1B7-4318-97E6-A8EB8C5FC223}
	EndGlobalSection
EndGlobal
