
Microsoft Visual Studio Solution File, Format Version 12.00
# Visual Studio Version 17
VisualStudioVersion = 17.3.32804.467
MinimumVisualStudioVersion = 10.0.40219.1
Project("{FAE04EC0-301F-11D3-BF4B-00C04F79EFBC}") = "Scope3", "Scope3\Scope3.csproj", "{1EA1338B-BF45-4163-ADFE-ECA4712AF9AE}"
EndProject
Global
	GlobalSection(SolutionConfigurationPlatforms) = preSolution
		Debug|Any CPU = Debug|Any CPU
		Release|Any CPU = Release|Any CPU
	EndGlobalSection
	GlobalSection(ProjectConfigurationPlatforms) = postSolution
		{1EA1338B-BF45-4163-ADFE-ECA4712AF9AE}.Debug|Any CPU.ActiveCfg = Debug|Any CPU
		{1EA1338B-BF45-4163-ADFE-ECA4712AF9AE}.Debug|Any CPU.Build.0 = Debug|Any CPU
		{1EA1338B-BF45-4163-ADFE-ECA4712AF9AE}.Release|Any CPU.ActiveCfg = Release|Any CPU
		{1EA1338B-BF45-4163-ADFE-ECA4712AF9AE}.Release|Any CPU.Build.0 = Release|Any CPU
	EndGlobalSection
	GlobalSection(SolutionProperties) = preSolution
		HideSolutionNode = FALSE
	EndGlobalSection
	GlobalSection(ExtensibilityGlobals) = postSolution
		SolutionGuid = {E233AAA3-1040-4739-8282-719FAD323B71}
	EndGlobalSection
EndGlobal
