
Microsoft Visual Studio Solution File, Format Version 12.00
# Visual Studio Version 17
VisualStudioVersion = 17.3.32804.467
MinimumVisualStudioVersion = 10.0.40219.1
Project("{FAE04EC0-301F-11D3-BF4B-00C04F79EFBC}") = "kacParamVar", "kacParamVar\kacParamVar.csproj", "{361F84FA-7753-488D-8BFC-553678B30DFD}"
EndProject
Global
	GlobalSection(SolutionConfigurationPlatforms) = preSolution
		Debug|Any CPU = Debug|Any CPU
		Release|Any CPU = Release|Any CPU
	EndGlobalSection
	GlobalSection(ProjectConfigurationPlatforms) = postSolution
		{361F84FA-7753-488D-8BFC-553678B30DFD}.Debug|Any CPU.ActiveCfg = Debug|Any CPU
		{361F84FA-7753-488D-8BFC-553678B30DFD}.Debug|Any CPU.Build.0 = Debug|Any CPU
		{361F84FA-7753-488D-8BFC-553678B30DFD}.Release|Any CPU.ActiveCfg = Release|Any CPU
		{361F84FA-7753-488D-8BFC-553678B30DFD}.Release|Any CPU.Build.0 = Release|Any CPU
	EndGlobalSection
	GlobalSection(SolutionProperties) = preSolution
		HideSolutionNode = FALSE
	EndGlobalSection
	GlobalSection(ExtensibilityGlobals) = postSolution
		SolutionGuid = {329560B0-196D-46F8-A6A8-B01939E26E23}
	EndGlobalSection
EndGlobal
