
Microsoft Visual Studio Solution File, Format Version 12.00
# Visual Studio Version 17
VisualStudioVersion = 17.3.32804.467
MinimumVisualStudioVersion = 10.0.40219.1
Project("{FAE04EC0-301F-11D3-BF4B-00C04F79EFBC}") = "GunBul", "GunBul\GunBul.csproj", "{FFDCA273-4642-4560-A69E-385DECB712EA}"
EndProject
Global
	GlobalSection(SolutionConfigurationPlatforms) = preSolution
		Debug|Any CPU = Debug|Any CPU
		Release|Any CPU = Release|Any CPU
	EndGlobalSection
	GlobalSection(ProjectConfigurationPlatforms) = postSolution
		{FFDCA273-4642-4560-A69E-385DECB712EA}.Debug|Any CPU.ActiveCfg = Debug|Any CPU
		{FFDCA273-4642-4560-A69E-385DECB712EA}.Debug|Any CPU.Build.0 = Debug|Any CPU
		{FFDCA273-4642-4560-A69E-385DECB712EA}.Release|Any CPU.ActiveCfg = Release|Any CPU
		{FFDCA273-4642-4560-A69E-385DECB712EA}.Release|Any CPU.Build.0 = Release|Any CPU
	EndGlobalSection
	GlobalSection(SolutionProperties) = preSolution
		HideSolutionNode = FALSE
	EndGlobalSection
	GlobalSection(ExtensibilityGlobals) = postSolution
		SolutionGuid = {B1B81E87-04C6-4A55-9846-9B14D356BCBE}
	EndGlobalSection
EndGlobal
