
Microsoft Visual Studio Solution File, Format Version 12.00
# Visual Studio Version 17
VisualStudioVersion = 17.3.32804.467
MinimumVisualStudioVersion = 10.0.40219.1
Project("{FAE04EC0-301F-11D3-BF4B-00C04F79EFBC}") = "GunBulSwitch", "GunBulSwitch\GunBulSwitch.csproj", "{7822742B-8049-43A8-8BBF-681B67C000C4}"
EndProject
Global
	GlobalSection(SolutionConfigurationPlatforms) = preSolution
		Debug|Any CPU = Debug|Any CPU
		Release|Any CPU = Release|Any CPU
	EndGlobalSection
	GlobalSection(ProjectConfigurationPlatforms) = postSolution
		{7822742B-8049-43A8-8BBF-681B67C000C4}.Debug|Any CPU.ActiveCfg = Debug|Any CPU
		{7822742B-8049-43A8-8BBF-681B67C000C4}.Debug|Any CPU.Build.0 = Debug|Any CPU
		{7822742B-8049-43A8-8BBF-681B67C000C4}.Release|Any CPU.ActiveCfg = Release|Any CPU
		{7822742B-8049-43A8-8BBF-681B67C000C4}.Release|Any CPU.Build.0 = Release|Any CPU
	EndGlobalSection
	GlobalSection(SolutionProperties) = preSolution
		HideSolutionNode = FALSE
	EndGlobalSection
	GlobalSection(ExtensibilityGlobals) = postSolution
		SolutionGuid = {BF94F601-66BF-4EC7-AA63-2100D7053759}
	EndGlobalSection
EndGlobal
