
Microsoft Visual Studio Solution File, Format Version 12.00
# Visual Studio Version 17
VisualStudioVersion = 17.3.32804.467
MinimumVisualStudioVersion = 10.0.40219.1
Project("{FAE04EC0-301F-11D3-BF4B-00C04F79EFBC}") = "islem", "islem\islem.csproj", "{DFC5AB6E-D8F7-4F3A-AF5E-2F56319F2852}"
EndProject
Global
	GlobalSection(SolutionConfigurationPlatforms) = preSolution
		Debug|Any CPU = Debug|Any CPU
		Release|Any CPU = Release|Any CPU
	EndGlobalSection
	GlobalSection(ProjectConfigurationPlatforms) = postSolution
		{DFC5AB6E-D8F7-4F3A-AF5E-2F56319F2852}.Debug|Any CPU.ActiveCfg = Debug|Any CPU
		{DFC5AB6E-D8F7-4F3A-AF5E-2F56319F2852}.Debug|Any CPU.Build.0 = Debug|Any CPU
		{DFC5AB6E-D8F7-4F3A-AF5E-2F56319F2852}.Release|Any CPU.ActiveCfg = Release|Any CPU
		{DFC5AB6E-D8F7-4F3A-AF5E-2F56319F2852}.Release|Any CPU.Build.0 = Release|Any CPU
	EndGlobalSection
	GlobalSection(SolutionProperties) = preSolution
		HideSolutionNode = FALSE
	EndGlobalSection
	GlobalSection(ExtensibilityGlobals) = postSolution
		SolutionGuid = {6F9A730C-E607-4ADC-A7E2-5ECDA0FB4E1B}
	EndGlobalSection
EndGlobal
