
Microsoft Visual Studio Solution File, Format Version 12.00
# Visual Studio Version 17
VisualStudioVersion = 17.3.32804.467
MinimumVisualStudioVersion = 10.0.40219.1
Project("{FAE04EC0-301F-11D3-BF4B-00C04F79EFBC}") = "nedenOOP", "nedenOOP\nedenOOP.csproj", "{C9503C7C-DDBC-4A60-A9A3-24721B3BC722}"
EndProject
Global
	GlobalSection(SolutionConfigurationPlatforms) = preSolution
		Debug|Any CPU = Debug|Any CPU
		Release|Any CPU = Release|Any CPU
	EndGlobalSection
	GlobalSection(ProjectConfigurationPlatforms) = postSolution
		{C9503C7C-DDBC-4A60-A9A3-24721B3BC722}.Debug|Any CPU.ActiveCfg = Debug|Any CPU
		{C9503C7C-DDBC-4A60-A9A3-24721B3BC722}.Debug|Any CPU.Build.0 = Debug|Any CPU
		{C9503C7C-DDBC-4A60-A9A3-24721B3BC722}.Release|Any CPU.ActiveCfg = Release|Any CPU
		{C9503C7C-DDBC-4A60-A9A3-24721B3BC722}.Release|Any CPU.Build.0 = Release|Any CPU
	EndGlobalSection
	GlobalSection(SolutionProperties) = preSolution
		HideSolutionNode = FALSE
	EndGlobalSection
	GlobalSection(ExtensibilityGlobals) = postSolution
		SolutionGuid = {335C9660-C0D9-4A9E-BB12-180C137674BC}
	EndGlobalSection
EndGlobal
