
Microsoft Visual Studio Solution File, Format Version 12.00
# Visual Studio Version 17
VisualStudioVersion = 17.3.32804.467
MinimumVisualStudioVersion = 10.0.40219.1
Project("{FAE04EC0-301F-11D3-BF4B-00C04F79EFBC}") = "ilkelDegiskenler", "ilkelDegiskenler\ilkelDegiskenler.csproj", "{B210A02C-EAFB-483A-84E4-537A8EA78D83}"
EndProject
Global
	GlobalSection(SolutionConfigurationPlatforms) = preSolution
		Debug|Any CPU = Debug|Any CPU
		Release|Any CPU = Release|Any CPU
	EndGlobalSection
	GlobalSection(ProjectConfigurationPlatforms) = postSolution
		{B210A02C-EAFB-483A-84E4-537A8EA78D83}.Debug|Any CPU.ActiveCfg = Debug|Any CPU
		{B210A02C-EAFB-483A-84E4-537A8EA78D83}.Debug|Any CPU.Build.0 = Debug|Any CPU
		{B210A02C-EAFB-483A-84E4-537A8EA78D83}.Release|Any CPU.ActiveCfg = Release|Any CPU
		{B210A02C-EAFB-483A-84E4-537A8EA78D83}.Release|Any CPU.Build.0 = Release|Any CPU
	EndGlobalSection
	GlobalSection(SolutionProperties) = preSolution
		HideSolutionNode = FALSE
	EndGlobalSection
	GlobalSection(ExtensibilityGlobals) = postSolution
		SolutionGuid = {0E118A5E-20E1-46E5-AA4A-DE82C7DC80E2}
	EndGlobalSection
EndGlobal
