
Microsoft Visual Studio Solution File, Format Version 12.00
# Visual Studio Version 17
VisualStudioVersion = 17.3.32804.467
MinimumVisualStudioVersion = 10.0.40219.1
Project("{FAE04EC0-301F-11D3-BF4B-00C04F79EFBC}") = "PersonelProje", "PersonelProje\PersonelProje.csproj", "{628C0D97-08EF-46A4-919C-2BA75B32B3CD}"
EndProject
Global
	GlobalSection(SolutionConfigurationPlatforms) = preSolution
		Debug|Any CPU = Debug|Any CPU
		Release|Any CPU = Release|Any CPU
	EndGlobalSection
	GlobalSection(ProjectConfigurationPlatforms) = postSolution
		{628C0D97-08EF-46A4-919C-2BA75B32B3CD}.Debug|Any CPU.ActiveCfg = Debug|Any CPU
		{628C0D97-08EF-46A4-919C-2BA75B32B3CD}.Debug|Any CPU.Build.0 = Debug|Any CPU
		{628C0D97-08EF-46A4-919C-2BA75B32B3CD}.Release|Any CPU.ActiveCfg = Release|Any CPU
		{628C0D97-08EF-46A4-919C-2BA75B32B3CD}.Release|Any CPU.Build.0 = Release|Any CPU
	EndGlobalSection
	GlobalSection(SolutionProperties) = preSolution
		HideSolutionNode = FALSE
	EndGlobalSection
	GlobalSection(ExtensibilityGlobals) = postSolution
		SolutionGuid = {473CBDC7-B6D2-44B8-A958-5DFBA84A1BEC}
	EndGlobalSection
EndGlobal
