
Microsoft Visual Studio Solution File, Format Version 12.00
# Visual Studio Version 17
VisualStudioVersion = 17.3.32804.467
MinimumVisualStudioVersion = 10.0.40219.1
Project("{FAE04EC0-301F-11D3-BF4B-00C04F79EFBC}") = "MvcWithLayout", "MvcWithLayout\MvcWithLayout.csproj", "{CF0A9CAE-0A86-470E-829B-365283CB0039}"
EndProject
Global
	GlobalSection(SolutionConfigurationPlatforms) = preSolution
		Debug|Any CPU = Debug|Any CPU
		Release|Any CPU = Release|Any CPU
	EndGlobalSection
	GlobalSection(ProjectConfigurationPlatforms) = postSolution
		{CF0A9CAE-0A86-470E-829B-365283CB0039}.Debug|Any CPU.ActiveCfg = Debug|Any CPU
		{CF0A9CAE-0A86-470E-829B-365283CB0039}.Debug|Any CPU.Build.0 = Debug|Any CPU
		{CF0A9CAE-0A86-470E-829B-365283CB0039}.Release|Any CPU.ActiveCfg = Release|Any CPU
		{CF0A9CAE-0A86-470E-829B-365283CB0039}.Release|Any CPU.Build.0 = Release|Any CPU
	EndGlobalSection
	GlobalSection(SolutionProperties) = preSolution
		HideSolutionNode = FALSE
	EndGlobalSection
	GlobalSection(ExtensibilityGlobals) = postSolution
		SolutionGuid = {C56A04B5-1612-47A8-809E-8324C3EBFF5E}
	EndGlobalSection
EndGlobal
